
Microsoft Visual Studio Solution File, Format Version 12.00
# Visual Studio Version 17
VisualStudioVersion = 17.3.32929.385
MinimumVisualStudioVersion = 10.0.40219.1
Project("{FAE04EC0-301F-11D3-BF4B-00C04F79EFBC}") = "TatBlog.Core", "TatBlog.Core\TatBlog.Core.csproj", "{E4FD5FFD-72D3-4416-9AD7-0056EDBAB2E1}"
EndProject
Project("{FAE04EC0-301F-11D3-BF4B-00C04F79EFBC}") = "TatBlog.Data", "TatBlog.Data\TatBlog.Data.csproj", "{0A65A285-BB23-4FF1-A2A7-260A9B0686E3}"
EndProject
Project("{FAE04EC0-301F-11D3-BF4B-00C04F79EFBC}") = "TatBlog.Services", "TatBlog.Services\TatBlog.Services.csproj", "{2ECF88F9-26D8-4D98-806D-9B05A10D90D3}"
EndProject
Project("{FAE04EC0-301F-11D3-BF4B-00C04F79EFBC}") = "TatBlog.WinApp", "TatBlog.WinApp\TatBlog.WinApp.csproj", "{AAED441C-940E-4144-80FD-65964705EB4E}"
EndProject
Global
	GlobalSection(SolutionConfigurationPlatforms) = preSolution
		Debug|Any CPU = Debug|Any CPU
		Release|Any CPU = Release|Any CPU
	EndGlobalSection
	GlobalSection(ProjectConfigurationPlatforms) = postSolution
		{E4FD5FFD-72D3-4416-9AD7-0056EDBAB2E1}.Debug|Any CPU.ActiveCfg = Debug|Any CPU
		{E4FD5FFD-72D3-4416-9AD7-0056EDBAB2E1}.Debug|Any CPU.Build.0 = Debug|Any CPU
		{E4FD5FFD-72D3-4416-9AD7-0056EDBAB2E1}.Release|Any CPU.ActiveCfg = Release|Any CPU
		{E4FD5FFD-72D3-4416-9AD7-0056EDBAB2E1}.Release|Any CPU.Build.0 = Release|Any CPU
		{0A65A285-BB23-4FF1-A2A7-260A9B0686E3}.Debug|Any CPU.ActiveCfg = Debug|Any CPU
		{0A65A285-BB23-4FF1-A2A7-260A9B0686E3}.Debug|Any CPU.Build.0 = Debug|Any CPU
		{0A65A285-BB23-4FF1-A2A7-260A9B0686E3}.Release|Any CPU.ActiveCfg = Release|Any CPU
		{0A65A285-BB23-4FF1-A2A7-260A9B0686E3}.Release|Any CPU.Build.0 = Release|Any CPU
		{2ECF88F9-26D8-4D98-806D-9B05A10D90D3}.Debug|Any CPU.ActiveCfg = Debug|Any CPU
		{2ECF88F9-26D8-4D98-806D-9B05A10D90D3}.Debug|Any CPU.Build.0 = Debug|Any CPU
		{2ECF88F9-26D8-4D98-806D-9B05A10D90D3}.Release|Any CPU.ActiveCfg = Release|Any CPU
		{2ECF88F9-26D8-4D98-806D-9B05A10D90D3}.Release|Any CPU.Build.0 = Release|Any CPU
		{AAED441C-940E-4144-80FD-65964705EB4E}.Debug|Any CPU.ActiveCfg = Debug|Any CPU
		{AAED441C-940E-4144-80FD-65964705EB4E}.Debug|Any CPU.Build.0 = Debug|Any CPU
		{AAED441C-940E-4144-80FD-65964705EB4E}.Release|Any CPU.ActiveCfg = Release|Any CPU
		{AAED441C-940E-4144-80FD-65964705EB4E}.Release|Any CPU.Build.0 = Release|Any CPU
	EndGlobalSection
	GlobalSection(SolutionProperties) = preSolution
		HideSolutionNode = FALSE
	EndGlobalSection
	GlobalSection(ExtensibilityGlobals) = postSolution
		SolutionGuid = {DB84F8B6-263B-4171-BEB8-59357AE73211}
	EndGlobalSection
EndGlobal
